
Microsoft Visual Studio Solution File, Format Version 12.00
# Visual Studio Version 17
VisualStudioVersion = 17.7.34031.279
MinimumVisualStudioVersion = 10.0.40219.1
Project("{2150E333-8FDC-42A3-9474-1A3956D46DE8}") = "src", "src", "{175E1FF6-B0C5-454F-A4C8-6F3545972E29}"
EndProject
Project("{2150E333-8FDC-42A3-9474-1A3956D46DE8}") = "tests", "tests", "{5AD5CAEB-115F-453B-8FAC-8C29C9EC78CE}"
EndProject
Project("{9A19103F-16F7-4668-BE54-9A1E7A4F7556}") = "WallCh.Desktop", "src\WallCh.Desktop\WallCh.Desktop.csproj", "{DAF889D6-C05D-4CA6-BEC0-7D8EF8D95555}"
EndProject
Project("{9A19103F-16F7-4668-BE54-9A1E7A4F7556}") = "WallCh.Domain", "src\WallCh.Domain\WallCh.Domain.csproj", "{F7BED6D3-E0EA-47C8-9249-3BF364639840}"
EndProject
Global
	GlobalSection(SolutionConfigurationPlatforms) = preSolution
		Debug|Any CPU = Debug|Any CPU
		Release|Any CPU = Release|Any CPU
	EndGlobalSection
	GlobalSection(ProjectConfigurationPlatforms) = postSolution
		{DAF889D6-C05D-4CA6-BEC0-7D8EF8D95555}.Debug|Any CPU.ActiveCfg = Debug|Any CPU
		{DAF889D6-C05D-4CA6-BEC0-7D8EF8D95555}.Debug|Any CPU.Build.0 = Debug|Any CPU
		{DAF889D6-C05D-4CA6-BEC0-7D8EF8D95555}.Release|Any CPU.ActiveCfg = Release|Any CPU
		{DAF889D6-C05D-4CA6-BEC0-7D8EF8D95555}.Release|Any CPU.Build.0 = Release|Any CPU
		{F7BED6D3-E0EA-47C8-9249-3BF364639840}.Debug|Any CPU.ActiveCfg = Debug|Any CPU
		{F7BED6D3-E0EA-47C8-9249-3BF364639840}.Debug|Any CPU.Build.0 = Debug|Any CPU
		{F7BED6D3-E0EA-47C8-9249-3BF364639840}.Release|Any CPU.ActiveCfg = Release|Any CPU
		{F7BED6D3-E0EA-47C8-9249-3BF364639840}.Release|Any CPU.Build.0 = Release|Any CPU
	EndGlobalSection
	GlobalSection(SolutionProperties) = preSolution
		HideSolutionNode = FALSE
	EndGlobalSection
	GlobalSection(NestedProjects) = preSolution
		{DAF889D6-C05D-4CA6-BEC0-7D8EF8D95555} = {175E1FF6-B0C5-454F-A4C8-6F3545972E29}
		{F7BED6D3-E0EA-47C8-9249-3BF364639840} = {175E1FF6-B0C5-454F-A4C8-6F3545972E29}
	EndGlobalSection
	GlobalSection(ExtensibilityGlobals) = postSolution
		SolutionGuid = {CCA13090-9EC1-4CAA-B29B-9A27C8FA24D0}
	EndGlobalSection
EndGlobal
